
Microsoft Visual Studio Solution File, Format Version 12.00
# Visual Studio Version 16
VisualStudioVersion = 16.0.30717.126
MinimumVisualStudioVersion = 10.0.40219.1
Project("{9A19103F-16F7-4668-BE54-9A1E7A4F7556}") = "DoctorHouse", "DoctorHouse\DoctorHouse.csproj", "{617E0392-3BAD-4A84-B7D3-6CE81A3A7777}"
EndProject
Project("{9A19103F-16F7-4668-BE54-9A1E7A4F7556}") = "DoctorHouse.DAL", "DoctorHouse.DAL\DoctorHouse.DAL.csproj", "{AB005CBF-FF6F-4C6A-8126-75BE2FB08ED0}"
EndProject
Project("{9A19103F-16F7-4668-BE54-9A1E7A4F7556}") = "DoctorHouse.Infrastructure", "DoctorHouse.Infrastructure\DoctorHouse.Infrastructure.csproj", "{73DC0E31-029C-4C03-BB25-F90E5A56B5BA}"
EndProject
Project("{9A19103F-16F7-4668-BE54-9A1E7A4F7556}") = "DoctorHouse.IdentityServer", "DoctorHouse.IdentityServer\DoctorHouse.IdentityServer.csproj", "{B8F18387-AF5F-478C-9FA4-D354058417F8}"
EndProject
Project("{9A19103F-16F7-4668-BE54-9A1E7A4F7556}") = "DoctorHouser.MvcTest", "DoctorHouser.MvcTest\DoctorHouser.MvcTest.csproj", "{4E3617FD-FAD3-4052-9B10-8A3EAA0AE376}"
EndProject
Project("{9A19103F-16F7-4668-BE54-9A1E7A4F7556}") = "DoctorHouser.MvcTest2", "DoctorHouser.MvcTest2\DoctorHouser.MvcTest2.csproj", "{63BF5614-2579-4BDD-A3BB-A5723BFA9BE3}"
EndProject
Project("{FAE04EC0-301F-11D3-BF4B-00C04F79EFBC}") = "DoctorHouse.WebApi", "DoctorHouse.WebApi\DoctorHouse.WebApi.csproj", "{6735A4B5-5969-4C46-9C5B-FBB324431900}"
EndProject
Global
	GlobalSection(SolutionConfigurationPlatforms) = preSolution
		Debug|Any CPU = Debug|Any CPU
		Release|Any CPU = Release|Any CPU
	EndGlobalSection
	GlobalSection(ProjectConfigurationPlatforms) = postSolution
		{617E0392-3BAD-4A84-B7D3-6CE81A3A7777}.Debug|Any CPU.ActiveCfg = Debug|Any CPU
		{617E0392-3BAD-4A84-B7D3-6CE81A3A7777}.Debug|Any CPU.Build.0 = Debug|Any CPU
		{617E0392-3BAD-4A84-B7D3-6CE81A3A7777}.Release|Any CPU.ActiveCfg = Release|Any CPU
		{617E0392-3BAD-4A84-B7D3-6CE81A3A7777}.Release|Any CPU.Build.0 = Release|Any CPU
		{AB005CBF-FF6F-4C6A-8126-75BE2FB08ED0}.Debug|Any CPU.ActiveCfg = Debug|Any CPU
		{AB005CBF-FF6F-4C6A-8126-75BE2FB08ED0}.Debug|Any CPU.Build.0 = Debug|Any CPU
		{AB005CBF-FF6F-4C6A-8126-75BE2FB08ED0}.Release|Any CPU.ActiveCfg = Release|Any CPU
		{AB005CBF-FF6F-4C6A-8126-75BE2FB08ED0}.Release|Any CPU.Build.0 = Release|Any CPU
		{73DC0E31-029C-4C03-BB25-F90E5A56B5BA}.Debug|Any CPU.ActiveCfg = Debug|Any CPU
		{73DC0E31-029C-4C03-BB25-F90E5A56B5BA}.Debug|Any CPU.Build.0 = Debug|Any CPU
		{73DC0E31-029C-4C03-BB25-F90E5A56B5BA}.Release|Any CPU.ActiveCfg = Release|Any CPU
		{73DC0E31-029C-4C03-BB25-F90E5A56B5BA}.Release|Any CPU.Build.0 = Release|Any CPU
		{B8F18387-AF5F-478C-9FA4-D354058417F8}.Debug|Any CPU.ActiveCfg = Debug|Any CPU
		{B8F18387-AF5F-478C-9FA4-D354058417F8}.Debug|Any CPU.Build.0 = Debug|Any CPU
		{B8F18387-AF5F-478C-9FA4-D354058417F8}.Release|Any CPU.ActiveCfg = Release|Any CPU
		{B8F18387-AF5F-478C-9FA4-D354058417F8}.Release|Any CPU.Build.0 = Release|Any CPU
		{4E3617FD-FAD3-4052-9B10-8A3EAA0AE376}.Debug|Any CPU.ActiveCfg = Debug|Any CPU
		{4E3617FD-FAD3-4052-9B10-8A3EAA0AE376}.Debug|Any CPU.Build.0 = Debug|Any CPU
		{4E3617FD-FAD3-4052-9B10-8A3EAA0AE376}.Release|Any CPU.ActiveCfg = Release|Any CPU
		{4E3617FD-FAD3-4052-9B10-8A3EAA0AE376}.Release|Any CPU.Build.0 = Release|Any CPU
		{63BF5614-2579-4BDD-A3BB-A5723BFA9BE3}.Debug|Any CPU.ActiveCfg = Debug|Any CPU
		{63BF5614-2579-4BDD-A3BB-A5723BFA9BE3}.Debug|Any CPU.Build.0 = Debug|Any CPU
		{63BF5614-2579-4BDD-A3BB-A5723BFA9BE3}.Release|Any CPU.ActiveCfg = Release|Any CPU
		{63BF5614-2579-4BDD-A3BB-A5723BFA9BE3}.Release|Any CPU.Build.0 = Release|Any CPU
		{6735A4B5-5969-4C46-9C5B-FBB324431900}.Debug|Any CPU.ActiveCfg = Debug|Any CPU
		{6735A4B5-5969-4C46-9C5B-FBB324431900}.Debug|Any CPU.Build.0 = Debug|Any CPU
		{6735A4B5-5969-4C46-9C5B-FBB324431900}.Release|Any CPU.ActiveCfg = Release|Any CPU
		{6735A4B5-5969-4C46-9C5B-FBB324431900}.Release|Any CPU.Build.0 = Release|Any CPU
	EndGlobalSection
	GlobalSection(SolutionProperties) = preSolution
		HideSolutionNode = FALSE
	EndGlobalSection
	GlobalSection(ExtensibilityGlobals) = postSolution
		SolutionGuid = {F9AB5E91-C489-4118-A882-E48A1CEE3A13}
	EndGlobalSection
EndGlobal
